<Solution>
  <Project Path="src/Invex.StructuredText.AzureDevopsPipelines/Invex.StructuredText.AzureDevopsPipelines.csproj" />
  <Project Path="src/Invex.StructuredText.GithubActions/Invex.StructuredText.GithubActions.csproj" />
  <Project Path="src/Invex.StructuredText/Invex.StructuredText.csproj" />
  <Project Path="_atom/_atom.csproj" />
</Solution>
